
Microsoft Visual Studio Solution File, Format Version 12.00
# Visual Studio Version 17
VisualStudioVersion = 17.1.32210.238
MinimumVisualStudioVersion = 10.0.40219.1
Project("{2150E333-8FDC-42A3-9474-1A3956D46DE8}") = "src", "src", "{2C70BE72-4703-4D5C-A24C-5B561FB12640}"
EndProject
Project("{9A19103F-16F7-4668-BE54-9A1E7A4F7556}") = "MaiMai", "src\MaiMai\MaiMai.csproj", "{28C654D7-7AA5-46C7-A648-030841C44C94}"
EndProject
Project("{2150E333-8FDC-42A3-9474-1A3956D46DE8}") = "Infra", "Infra", "{303A5DC4-CBE4-4690-B272-F0E5012EE06B}"
EndProject
Project("{9A19103F-16F7-4668-BE54-9A1E7A4F7556}") = "MaiMai.Extensions.AspNetCore", "src\MaiMai.Extensions.AspNetCore\MaiMai.Extensions.AspNetCore.csproj", "{15211199-0983-4875-9C03-E99AB601E130}"
EndProject
Project("{9A19103F-16F7-4668-BE54-9A1E7A4F7556}") = "MaiMai.Extensions.EntityFramework", "src\MaiMai.Extensions.EntityFramework\MaiMai.Extensions.EntityFramework.csproj", "{7A3EE1BF-ED3D-491B-8448-30E7295B6055}"
EndProject
Project("{2150E333-8FDC-42A3-9474-1A3956D46DE8}") = "Services", "Services", "{2C8A53E3-D2E4-42C4-9830-2A01DFC6CDC2}"
EndProject
Project("{2150E333-8FDC-42A3-9474-1A3956D46DE8}") = "Customers", "Customers", "{8D98658A-AB97-43FE-9EE5-AEC29B4D567B}"
EndProject
Project("{9A19103F-16F7-4668-BE54-9A1E7A4F7556}") = "MaiMai.Customers", "src\MaiMai.Customers\MaiMai.Customers.csproj", "{062226CC-2C65-4BBA-B846-3F6C0686E152}"
EndProject
Project("{FAE04EC0-301F-11D3-BF4B-00C04F79EFBC}") = "MaiMai.Customers.Infrastructure", "src\MaiMai.Customers.Infrastructure\MaiMai.Customers.Infrastructure.csproj", "{840B985B-D283-4C31-ABD1-8E56DDEF1559}"
EndProject
Project("{FAE04EC0-301F-11D3-BF4B-00C04F79EFBC}") = "MaiMai.Customers.WebAPI", "src\MaiMai.Customers.WebAPI\MaiMai.Customers.WebAPI.csproj", "{0B29FCE0-5C80-4010-9711-44B729782DC5}"
EndProject
Project("{2150E333-8FDC-42A3-9474-1A3956D46DE8}") = "Ordering", "Ordering", "{FCB0F1C4-2EFF-4299-BB13-579563F2053F}"
EndProject
Project("{FAE04EC0-301F-11D3-BF4B-00C04F79EFBC}") = "MaiMai.Ordering", "src\MaiMai.Ordering\MaiMai.Ordering.csproj", "{843DFE63-667D-4EAB-91A5-91783798E6B8}"
EndProject
Project("{2150E333-8FDC-42A3-9474-1A3956D46DE8}") = "Identity", "Identity", "{996A62E9-6514-4548-A3AF-2F70F71BD12B}"
EndProject
Project("{FAE04EC0-301F-11D3-BF4B-00C04F79EFBC}") = "MaiMai.Identity", "src\MaiMai.Identity\MaiMai.Identity.csproj", "{419A1ADA-D5BC-4A01-916E-D85B59BC0D30}"
EndProject
Project("{2150E333-8FDC-42A3-9474-1A3956D46DE8}") = "Catelog", "Catelog", "{EC708CB4-F50B-4484-B23F-DBD6F5B638FF}"
EndProject
Project("{FAE04EC0-301F-11D3-BF4B-00C04F79EFBC}") = "MaiMai.Catelog", "src\MaiMai.Catelog\MaiMai.Catelog.csproj", "{A2AC6B01-EC6F-49E1-8B71-2EF8C112A29C}"
EndProject
Project("{FAE04EC0-301F-11D3-BF4B-00C04F79EFBC}") = "MaiMai.Catelog.Infrastructure", "src\MaiMai.Catelog.Infrastructure\MaiMai.Catelog.Infrastructure.csproj", "{4E8D1FAF-5C3A-4694-9263-EA239A4B7845}"
EndProject
Project("{FAE04EC0-301F-11D3-BF4B-00C04F79EFBC}") = "MaiMai.Catelog.WebAPI", "src\MaiMai.Catelog.WebAPI\MaiMai.Catelog.WebAPI.csproj", "{DB8DF3BE-3CCA-4AF0-94DB-F7B6F202E116}"
EndProject
Project("{FAE04EC0-301F-11D3-BF4B-00C04F79EFBC}") = "MaiMai.Identity.WebAPI", "src\MaiMai.Identity.WebAPI\MaiMai.Identity.WebAPI.csproj", "{DD99951D-A387-45D5-994E-6A002887875F}"
EndProject
Project("{FAE04EC0-301F-11D3-BF4B-00C04F79EFBC}") = "MaiMai.Identity.Infrastructure", "src\MaiMai.Identity.Infrastructure\MaiMai.Identity.Infrastructure.csproj", "{FB0356A2-4806-4639-B2D9-6B510AB8746A}"
EndProject
Project("{FAE04EC0-301F-11D3-BF4B-00C04F79EFBC}") = "MaiMai.Ordering.Infrastructure", "src\MaiMai.Ordering.Infrastructure\MaiMai.Ordering.Infrastructure.csproj", "{C321168C-10AB-4806-B398-9486FAD87F87}"
EndProject
Project("{FAE04EC0-301F-11D3-BF4B-00C04F79EFBC}") = "MaiMai.Ordering.WebAPI", "src\MaiMai.Ordering.WebAPI\MaiMai.Ordering.WebAPI.csproj", "{4F81A257-74CE-46CB-A2B5-2CE220FA5EEF}"
EndProject
Project("{FAE04EC0-301F-11D3-BF4B-00C04F79EFBC}") = "MaiMai.Extensions.Caching.Redis", "src\MaiMai.Extensions.Caching.Redis\MaiMai.Extensions.Caching.Redis.csproj", "{1BE80E33-6BAE-40BF-B40C-E4731852B739}"
EndProject
Project("{FAE04EC0-301F-11D3-BF4B-00C04F79EFBC}") = "MaiMai.Extensions.Indexing.ElasticSearch", "src\MaiMai.Extensions.Indexing.ElasticSearch\MaiMai.Extensions.Indexing.ElasticSearch.csproj", "{E81EBE44-6869-4D7C-8AA9-AED5C17B2F92}"
EndProject
Project("{2150E333-8FDC-42A3-9474-1A3956D46DE8}") = "BasicData", "BasicData", "{276A174A-D9D8-4717-9743-5D34FC60B45D}"
EndProject
Project("{FAE04EC0-301F-11D3-BF4B-00C04F79EFBC}") = "MaiMai.BasicData.WebAPI", "src\MaiMai.BasicData.WebAPI\MaiMai.BasicData.WebAPI.csproj", "{60EE756D-34B5-455C-905A-B1261040CB8F}"
EndProject
Global
	GlobalSection(SolutionConfigurationPlatforms) = preSolution
		Debug|Any CPU = Debug|Any CPU
		Release|Any CPU = Release|Any CPU
	EndGlobalSection
	GlobalSection(ProjectConfigurationPlatforms) = postSolution
		{28C654D7-7AA5-46C7-A648-030841C44C94}.Debug|Any CPU.ActiveCfg = Debug|Any CPU
		{28C654D7-7AA5-46C7-A648-030841C44C94}.Debug|Any CPU.Build.0 = Debug|Any CPU
		{28C654D7-7AA5-46C7-A648-030841C44C94}.Release|Any CPU.ActiveCfg = Release|Any CPU
		{28C654D7-7AA5-46C7-A648-030841C44C94}.Release|Any CPU.Build.0 = Release|Any CPU
		{15211199-0983-4875-9C03-E99AB601E130}.Debug|Any CPU.ActiveCfg = Debug|Any CPU
		{15211199-0983-4875-9C03-E99AB601E130}.Debug|Any CPU.Build.0 = Debug|Any CPU
		{15211199-0983-4875-9C03-E99AB601E130}.Release|Any CPU.ActiveCfg = Release|Any CPU
		{15211199-0983-4875-9C03-E99AB601E130}.Release|Any CPU.Build.0 = Release|Any CPU
		{7A3EE1BF-ED3D-491B-8448-30E7295B6055}.Debug|Any CPU.ActiveCfg = Debug|Any CPU
		{7A3EE1BF-ED3D-491B-8448-30E7295B6055}.Debug|Any CPU.Build.0 = Debug|Any CPU
		{7A3EE1BF-ED3D-491B-8448-30E7295B6055}.Release|Any CPU.ActiveCfg = Release|Any CPU
		{7A3EE1BF-ED3D-491B-8448-30E7295B6055}.Release|Any CPU.Build.0 = Release|Any CPU
		{062226CC-2C65-4BBA-B846-3F6C0686E152}.Debug|Any CPU.ActiveCfg = Debug|Any CPU
		{062226CC-2C65-4BBA-B846-3F6C0686E152}.Debug|Any CPU.Build.0 = Debug|Any CPU
		{062226CC-2C65-4BBA-B846-3F6C0686E152}.Release|Any CPU.ActiveCfg = Release|Any CPU
		{062226CC-2C65-4BBA-B846-3F6C0686E152}.Release|Any CPU.Build.0 = Release|Any CPU
		{840B985B-D283-4C31-ABD1-8E56DDEF1559}.Debug|Any CPU.ActiveCfg = Debug|Any CPU
		{840B985B-D283-4C31-ABD1-8E56DDEF1559}.Debug|Any CPU.Build.0 = Debug|Any CPU
		{840B985B-D283-4C31-ABD1-8E56DDEF1559}.Release|Any CPU.ActiveCfg = Release|Any CPU
		{840B985B-D283-4C31-ABD1-8E56DDEF1559}.Release|Any CPU.Build.0 = Release|Any CPU
		{0B29FCE0-5C80-4010-9711-44B729782DC5}.Debug|Any CPU.ActiveCfg = Debug|Any CPU
		{0B29FCE0-5C80-4010-9711-44B729782DC5}.Debug|Any CPU.Build.0 = Debug|Any CPU
		{0B29FCE0-5C80-4010-9711-44B729782DC5}.Release|Any CPU.ActiveCfg = Release|Any CPU
		{0B29FCE0-5C80-4010-9711-44B729782DC5}.Release|Any CPU.Build.0 = Release|Any CPU
		{843DFE63-667D-4EAB-91A5-91783798E6B8}.Debug|Any CPU.ActiveCfg = Debug|Any CPU
		{843DFE63-667D-4EAB-91A5-91783798E6B8}.Debug|Any CPU.Build.0 = Debug|Any CPU
		{843DFE63-667D-4EAB-91A5-91783798E6B8}.Release|Any CPU.ActiveCfg = Release|Any CPU
		{843DFE63-667D-4EAB-91A5-91783798E6B8}.Release|Any CPU.Build.0 = Release|Any CPU
		{419A1ADA-D5BC-4A01-916E-D85B59BC0D30}.Debug|Any CPU.ActiveCfg = Debug|Any CPU
		{419A1ADA-D5BC-4A01-916E-D85B59BC0D30}.Debug|Any CPU.Build.0 = Debug|Any CPU
		{419A1ADA-D5BC-4A01-916E-D85B59BC0D30}.Release|Any CPU.ActiveCfg = Release|Any CPU
		{419A1ADA-D5BC-4A01-916E-D85B59BC0D30}.Release|Any CPU.Build.0 = Release|Any CPU
		{A2AC6B01-EC6F-49E1-8B71-2EF8C112A29C}.Debug|Any CPU.ActiveCfg = Debug|Any CPU
		{A2AC6B01-EC6F-49E1-8B71-2EF8C112A29C}.Debug|Any CPU.Build.0 = Debug|Any CPU
		{A2AC6B01-EC6F-49E1-8B71-2EF8C112A29C}.Release|Any CPU.ActiveCfg = Release|Any CPU
		{A2AC6B01-EC6F-49E1-8B71-2EF8C112A29C}.Release|Any CPU.Build.0 = Release|Any CPU
		{4E8D1FAF-5C3A-4694-9263-EA239A4B7845}.Debug|Any CPU.ActiveCfg = Debug|Any CPU
		{4E8D1FAF-5C3A-4694-9263-EA239A4B7845}.Debug|Any CPU.Build.0 = Debug|Any CPU
		{4E8D1FAF-5C3A-4694-9263-EA239A4B7845}.Release|Any CPU.ActiveCfg = Release|Any CPU
		{4E8D1FAF-5C3A-4694-9263-EA239A4B7845}.Release|Any CPU.Build.0 = Release|Any CPU
		{DB8DF3BE-3CCA-4AF0-94DB-F7B6F202E116}.Debug|Any CPU.ActiveCfg = Debug|Any CPU
		{DB8DF3BE-3CCA-4AF0-94DB-F7B6F202E116}.Debug|Any CPU.Build.0 = Debug|Any CPU
		{DB8DF3BE-3CCA-4AF0-94DB-F7B6F202E116}.Release|Any CPU.ActiveCfg = Release|Any CPU
		{DB8DF3BE-3CCA-4AF0-94DB-F7B6F202E116}.Release|Any CPU.Build.0 = Release|Any CPU
		{DD99951D-A387-45D5-994E-6A002887875F}.Debug|Any CPU.ActiveCfg = Debug|Any CPU
		{DD99951D-A387-45D5-994E-6A002887875F}.Debug|Any CPU.Build.0 = Debug|Any CPU
		{DD99951D-A387-45D5-994E-6A002887875F}.Release|Any CPU.ActiveCfg = Release|Any CPU
		{DD99951D-A387-45D5-994E-6A002887875F}.Release|Any CPU.Build.0 = Release|Any CPU
		{FB0356A2-4806-4639-B2D9-6B510AB8746A}.Debug|Any CPU.ActiveCfg = Debug|Any CPU
		{FB0356A2-4806-4639-B2D9-6B510AB8746A}.Debug|Any CPU.Build.0 = Debug|Any CPU
		{FB0356A2-4806-4639-B2D9-6B510AB8746A}.Release|Any CPU.ActiveCfg = Release|Any CPU
		{FB0356A2-4806-4639-B2D9-6B510AB8746A}.Release|Any CPU.Build.0 = Release|Any CPU
		{C321168C-10AB-4806-B398-9486FAD87F87}.Debug|Any CPU.ActiveCfg = Debug|Any CPU
		{C321168C-10AB-4806-B398-9486FAD87F87}.Debug|Any CPU.Build.0 = Debug|Any CPU
		{C321168C-10AB-4806-B398-9486FAD87F87}.Release|Any CPU.ActiveCfg = Release|Any CPU
		{C321168C-10AB-4806-B398-9486FAD87F87}.Release|Any CPU.Build.0 = Release|Any CPU
		{4F81A257-74CE-46CB-A2B5-2CE220FA5EEF}.Debug|Any CPU.ActiveCfg = Debug|Any CPU
		{4F81A257-74CE-46CB-A2B5-2CE220FA5EEF}.Debug|Any CPU.Build.0 = Debug|Any CPU
		{4F81A257-74CE-46CB-A2B5-2CE220FA5EEF}.Release|Any CPU.ActiveCfg = Release|Any CPU
		{4F81A257-74CE-46CB-A2B5-2CE220FA5EEF}.Release|Any CPU.Build.0 = Release|Any CPU
		{1BE80E33-6BAE-40BF-B40C-E4731852B739}.Debug|Any CPU.ActiveCfg = Debug|Any CPU
		{1BE80E33-6BAE-40BF-B40C-E4731852B739}.Debug|Any CPU.Build.0 = Debug|Any CPU
		{1BE80E33-6BAE-40BF-B40C-E4731852B739}.Release|Any CPU.ActiveCfg = Release|Any CPU
		{1BE80E33-6BAE-40BF-B40C-E4731852B739}.Release|Any CPU.Build.0 = Release|Any CPU
		{E81EBE44-6869-4D7C-8AA9-AED5C17B2F92}.Debug|Any CPU.ActiveCfg = Debug|Any CPU
		{E81EBE44-6869-4D7C-8AA9-AED5C17B2F92}.Debug|Any CPU.Build.0 = Debug|Any CPU
		{E81EBE44-6869-4D7C-8AA9-AED5C17B2F92}.Release|Any CPU.ActiveCfg = Release|Any CPU
		{E81EBE44-6869-4D7C-8AA9-AED5C17B2F92}.Release|Any CPU.Build.0 = Release|Any CPU
		{60EE756D-34B5-455C-905A-B1261040CB8F}.Debug|Any CPU.ActiveCfg = Debug|Any CPU
		{60EE756D-34B5-455C-905A-B1261040CB8F}.Debug|Any CPU.Build.0 = Debug|Any CPU
		{60EE756D-34B5-455C-905A-B1261040CB8F}.Release|Any CPU.ActiveCfg = Release|Any CPU
		{60EE756D-34B5-455C-905A-B1261040CB8F}.Release|Any CPU.Build.0 = Release|Any CPU
	EndGlobalSection
	GlobalSection(SolutionProperties) = preSolution
		HideSolutionNode = FALSE
	EndGlobalSection
	GlobalSection(NestedProjects) = preSolution
		{28C654D7-7AA5-46C7-A648-030841C44C94} = {303A5DC4-CBE4-4690-B272-F0E5012EE06B}
		{303A5DC4-CBE4-4690-B272-F0E5012EE06B} = {2C70BE72-4703-4D5C-A24C-5B561FB12640}
		{15211199-0983-4875-9C03-E99AB601E130} = {303A5DC4-CBE4-4690-B272-F0E5012EE06B}
		{7A3EE1BF-ED3D-491B-8448-30E7295B6055} = {303A5DC4-CBE4-4690-B272-F0E5012EE06B}
		{2C8A53E3-D2E4-42C4-9830-2A01DFC6CDC2} = {2C70BE72-4703-4D5C-A24C-5B561FB12640}
		{8D98658A-AB97-43FE-9EE5-AEC29B4D567B} = {2C8A53E3-D2E4-42C4-9830-2A01DFC6CDC2}
		{062226CC-2C65-4BBA-B846-3F6C0686E152} = {8D98658A-AB97-43FE-9EE5-AEC29B4D567B}
		{840B985B-D283-4C31-ABD1-8E56DDEF1559} = {8D98658A-AB97-43FE-9EE5-AEC29B4D567B}
		{0B29FCE0-5C80-4010-9711-44B729782DC5} = {8D98658A-AB97-43FE-9EE5-AEC29B4D567B}
		{FCB0F1C4-2EFF-4299-BB13-579563F2053F} = {2C8A53E3-D2E4-42C4-9830-2A01DFC6CDC2}
		{843DFE63-667D-4EAB-91A5-91783798E6B8} = {FCB0F1C4-2EFF-4299-BB13-579563F2053F}
		{996A62E9-6514-4548-A3AF-2F70F71BD12B} = {2C8A53E3-D2E4-42C4-9830-2A01DFC6CDC2}
		{419A1ADA-D5BC-4A01-916E-D85B59BC0D30} = {996A62E9-6514-4548-A3AF-2F70F71BD12B}
		{EC708CB4-F50B-4484-B23F-DBD6F5B638FF} = {2C8A53E3-D2E4-42C4-9830-2A01DFC6CDC2}
		{A2AC6B01-EC6F-49E1-8B71-2EF8C112A29C} = {EC708CB4-F50B-4484-B23F-DBD6F5B638FF}
		{4E8D1FAF-5C3A-4694-9263-EA239A4B7845} = {EC708CB4-F50B-4484-B23F-DBD6F5B638FF}
		{DB8DF3BE-3CCA-4AF0-94DB-F7B6F202E116} = {EC708CB4-F50B-4484-B23F-DBD6F5B638FF}
		{DD99951D-A387-45D5-994E-6A002887875F} = {996A62E9-6514-4548-A3AF-2F70F71BD12B}
		{FB0356A2-4806-4639-B2D9-6B510AB8746A} = {996A62E9-6514-4548-A3AF-2F70F71BD12B}
		{C321168C-10AB-4806-B398-9486FAD87F87} = {FCB0F1C4-2EFF-4299-BB13-579563F2053F}
		{4F81A257-74CE-46CB-A2B5-2CE220FA5EEF} = {FCB0F1C4-2EFF-4299-BB13-579563F2053F}
		{1BE80E33-6BAE-40BF-B40C-E4731852B739} = {303A5DC4-CBE4-4690-B272-F0E5012EE06B}
		{E81EBE44-6869-4D7C-8AA9-AED5C17B2F92} = {303A5DC4-CBE4-4690-B272-F0E5012EE06B}
		{276A174A-D9D8-4717-9743-5D34FC60B45D} = {2C8A53E3-D2E4-42C4-9830-2A01DFC6CDC2}
		{60EE756D-34B5-455C-905A-B1261040CB8F} = {276A174A-D9D8-4717-9743-5D34FC60B45D}
	EndGlobalSection
	GlobalSection(ExtensibilityGlobals) = postSolution
		SolutionGuid = {98476883-0764-4FC7-B990-943823EFBC1B}
	EndGlobalSection
EndGlobal
